Microsoft Visual Studio Solution File, Format Version 12.00
Project("{9A19103F-16F7-4668-BE54-9A1E7A4F7556}") = "App1", "src\core\App1\src\App1\App1.csproj", "{D5327BF8-124D-4CE3-B409-548BFC9DF511}"
EndProject
Project("{9A19103F-16F7-4668-BE54-9A1E7A4F7556}") = "App1.IntegrationTests", "src\core\App1\tests\App1.IntegrationTests\App1.IntegrationTests.csproj", "{E271304B-E224-4D78-8F13-13DFCF67589F}"
EndProject
Project("{9A19103F-16F7-4668-BE54-9A1E7A4F7556}") = "App1.UnitTests", "src\core\App1\tests\App1.UnitTests\App1.UnitTests.csproj", "{2B9EFBFD-F378-4799-824C-453ED954E5D4}"
EndProject
Project("{9A19103F-16F7-4668-BE54-9A1E7A4F7556}") = "App2", "src\core\App2\src\App2\App2.csproj", "{F96FEFFC-BA49-40FF-B685-16485B262D60}"
EndProject
Project("{9A19103F-16F7-4668-BE54-9A1E7A4F7556}") = "App2.IntegrationTests", "src\core\App2\tests\App2.IntegrationTests\App2.IntegrationTests.csproj", "{CEBCD892-C0F5-4A7F-BDD6-CC926EBDDBC4}"
EndProject
Project("{9A19103F-16F7-4668-BE54-9A1E7A4F7556}") = "App2.UnitTests", "src\core\App2\tests\App2.UnitTests\App2.UnitTests.csproj", "{AE0B96A9-2761-4D34-B6EB-CB969A31A78B}"
EndProject
Project("{9A19103F-16F7-4668-BE54-9A1E7A4F7556}") = "App4", "src\infra\App4\src\App4\App4.csproj", "{E1DA1CA0-8147-4A83-9F2E-1A69F8E05988}"
EndProject
Project("{9A19103F-16F7-4668-BE54-9A1E7A4F7556}") = "App4.IntegrationTests", "src\infra\App4\tests\App4.IntegrationTests\App4.IntegrationTests.csproj", "{F539F106-5372-4BB3-9EC5-45AB45956872}"
EndProject
Project("{9A19103F-16F7-4668-BE54-9A1E7A4F7556}") = "App4.UnitTests", "src\infra\App4\tests\App4.UnitTests\App4.UnitTests.csproj", "{6EB95BD2-96F1-4BC1-90BA-80FE5B47B5AD}"
EndProject
Project("{9A19103F-16F7-4668-BE54-9A1E7A4F7556}") = "App5", "src\interface\aws\App5\src\App5\App5.csproj", "{4DE8DB11-2144-4FEF-B316-B2F032E06E37}"
EndProject
Project("{9A19103F-16F7-4668-BE54-9A1E7A4F7556}") = "App5.IntegrationTests", "src\interface\aws\App5\tests\App5.IntegrationTests\App5.IntegrationTests.csproj", "{B7AF791A-7BFD-4450-AEB0-8F75A652C355}"
EndProject
Project("{9A19103F-16F7-4668-BE54-9A1E7A4F7556}") = "App5.UnitTests", "src\interface\aws\App5\tests\App5.UnitTests\App5.UnitTests.csproj", "{53F23D18-8124-4EB1-B605-6C7FD67553D5}"
EndProject
Project("{9A19103F-16F7-4668-BE54-9A1E7A4F7556}") = "App3", "src\interface\azure\App3\src\App3\App3.csproj", "{C2EDF8B2-5F54-424E-B2F2-ED98D6A4F032}"
EndProject
Project("{9A19103F-16F7-4668-BE54-9A1E7A4F7556}") = "App3.IntegrationTests", "src\interface\azure\App3\tests\App3.IntegrationTests\App3.IntegrationTests.csproj", "{BE416BBE-C39B-4447-8A91-FBCD13D755A7}"
EndProject
Project("{9A19103F-16F7-4668-BE54-9A1E7A4F7556}") = "App3.UnitTests", "src\interface\azure\App3\tests\App3.UnitTests\App3.UnitTests.csproj", "{C3AAB6BD-5AA8-4B9C-99D6-81D03C70A011}"
EndProject
Project("{FAE04EC0-301F-11D3-BF4B-00C04F79EFBC}") = "traversal", "traversal.proj", "{BA05F9F4-7690-408F-885E-076DE8121E05}"
EndProject
Project("{2150E333-8FDC-42A3-9474-1A3956D46DE8}") = "src", "src\core\App1\src", "{81CAC0EE-CAC0-493F-B40A-A0A25649BF0C}"
EndProject
Project("{2150E333-8FDC-42A3-9474-1A3956D46DE8}") = "tests", "src\core\App1\tests", "{C04F6D6F-D238-4474-B627-4786A84F8738}"
EndProject
Project("{2150E333-8FDC-42A3-9474-1A3956D46DE8}") = "App1", "src\core\App1", "{E030882B-E16B-4A6B-9573-118E4671C75A}"
EndProject
Project("{2150E333-8FDC-42A3-9474-1A3956D46DE8}") = "src", "src\core\App2\src", "{2D6EE8C1-E6C5-408A-BD53-41899B863EE4}"
EndProject
Project("{2150E333-8FDC-42A3-9474-1A3956D46DE8}") = "tests", "src\core\App2\tests", "{7166164C-01AE-447F-905C-1C1CD7045D80}"
EndProject
Project("{2150E333-8FDC-42A3-9474-1A3956D46DE8}") = "App2", "src\core\App2", "{5DD848CC-0B48-478D-9861-6215DEF2B6C6}"
EndProject
Project("{2150E333-8FDC-42A3-9474-1A3956D46DE8}") = "core", "src\core", "{DB7EAA3E-A8A1-4517-B989-5926B5ABAF4C}"
EndProject
Project("{2150E333-8FDC-42A3-9474-1A3956D46DE8}") = "src", "src\infra\App4\src", "{13DA6DAF-0911-4900-9A1B-3C8E07D23D77}"
EndProject
Project("{2150E333-8FDC-42A3-9474-1A3956D46DE8}") = "tests", "src\infra\App4\tests", "{B204DE37-F99D-4200-B464-DE6C66280E9D}"
EndProject
Project("{2150E333-8FDC-42A3-9474-1A3956D46DE8}") = "infra ̸ App4", "src\infra", "{9C929EB0-2506-4523-9A3B-9F0D7F7924C2}"
EndProject
Project("{2150E333-8FDC-42A3-9474-1A3956D46DE8}") = "src", "src\interface\aws\App5\src", "{082364F0-6BFC-463C-8D98-9F26DFF4BEF9}"
EndProject
Project("{2150E333-8FDC-42A3-9474-1A3956D46DE8}") = "tests", "src\interface\aws\App5\tests", "{4990D972-A187-4F2D-9CF7-B9EA8A4F695B}"
EndProject
Project("{2150E333-8FDC-42A3-9474-1A3956D46DE8}") = "aws ̸ App5", "src\interface\aws", "{527A7CE6-5BC5-453A-8774-864662662D10}"
EndProject
Project("{2150E333-8FDC-42A3-9474-1A3956D46DE8}") = "src", "src\interface\azure\App3\src", "{BFF07734-E993-45A9-ACA8-FDD70DC80CB1}"
EndProject
Project("{2150E333-8FDC-42A3-9474-1A3956D46DE8}") = "tests", "src\interface\azure\App3\tests", "{B80021B5-B288-484A-90C1-9809498B94BE}"
EndProject
Project("{2150E333-8FDC-42A3-9474-1A3956D46DE8}") = "azure ̸ App3", "src\interface\azure", "{E203FE80-67A9-45A8-B496-39D66B8BA13F}"
EndProject
Project("{2150E333-8FDC-42A3-9474-1A3956D46DE8}") = "interface", "src\interface", "{AB5F910A-1AD4-41E8-B388-024AE8B0E61E}"
EndProject
Project("{2150E333-8FDC-42A3-9474-1A3956D46DE8}") = "src", "src", "{CE054990-7E2A-4780-89BA-F2D733C12473}"
EndProject
Global
	GlobalSection(SolutionConfigurationPlatforms) = preSolution
		Debug|Any CPU = Debug|Any CPU
		Release|Any CPU = Release|Any CPU
	EndGlobalSection
	GlobalSection(ProjectConfigurationPlatforms) = postSolution
		{D5327BF8-124D-4CE3-B409-548BFC9DF511}.Debug|Any CPU.ActiveCfg = Debug|Any CPU
		{D5327BF8-124D-4CE3-B409-548BFC9DF511}.Debug|Any CPU.Build.0 = Debug|Any CPU
		{D5327BF8-124D-4CE3-B409-548BFC9DF511}.Release|Any CPU.ActiveCfg = Release|Any CPU
		{D5327BF8-124D-4CE3-B409-548BFC9DF511}.Release|Any CPU.Build.0 = Release|Any CPU
		{E271304B-E224-4D78-8F13-13DFCF67589F}.Debug|Any CPU.ActiveCfg = Debug|Any CPU
		{E271304B-E224-4D78-8F13-13DFCF67589F}.Debug|Any CPU.Build.0 = Debug|Any CPU
		{E271304B-E224-4D78-8F13-13DFCF67589F}.Release|Any CPU.ActiveCfg = Release|Any CPU
		{E271304B-E224-4D78-8F13-13DFCF67589F}.Release|Any CPU.Build.0 = Release|Any CPU
		{2B9EFBFD-F378-4799-824C-453ED954E5D4}.Debug|Any CPU.ActiveCfg = Debug|Any CPU
		{2B9EFBFD-F378-4799-824C-453ED954E5D4}.Debug|Any CPU.Build.0 = Debug|Any CPU
		{2B9EFBFD-F378-4799-824C-453ED954E5D4}.Release|Any CPU.ActiveCfg = Release|Any CPU
		{2B9EFBFD-F378-4799-824C-453ED954E5D4}.Release|Any CPU.Build.0 = Release|Any CPU
		{F96FEFFC-BA49-40FF-B685-16485B262D60}.Debug|Any CPU.ActiveCfg = Debug|Any CPU
		{F96FEFFC-BA49-40FF-B685-16485B262D60}.Debug|Any CPU.Build.0 = Debug|Any CPU
		{F96FEFFC-BA49-40FF-B685-16485B262D60}.Release|Any CPU.ActiveCfg = Release|Any CPU
		{F96FEFFC-BA49-40FF-B685-16485B262D60}.Release|Any CPU.Build.0 = Release|Any CPU
		{CEBCD892-C0F5-4A7F-BDD6-CC926EBDDBC4}.Debug|Any CPU.ActiveCfg = Debug|Any CPU
		{CEBCD892-C0F5-4A7F-BDD6-CC926EBDDBC4}.Debug|Any CPU.Build.0 = Debug|Any CPU
		{CEBCD892-C0F5-4A7F-BDD6-CC926EBDDBC4}.Release|Any CPU.ActiveCfg = Release|Any CPU
		{CEBCD892-C0F5-4A7F-BDD6-CC926EBDDBC4}.Release|Any CPU.Build.0 = Release|Any CPU
		{AE0B96A9-2761-4D34-B6EB-CB969A31A78B}.Debug|Any CPU.ActiveCfg = Debug|Any CPU
		{AE0B96A9-2761-4D34-B6EB-CB969A31A78B}.Debug|Any CPU.Build.0 = Debug|Any CPU
		{AE0B96A9-2761-4D34-B6EB-CB969A31A78B}.Release|Any CPU.ActiveCfg = Release|Any CPU
		{AE0B96A9-2761-4D34-B6EB-CB969A31A78B}.Release|Any CPU.Build.0 = Release|Any CPU
		{E1DA1CA0-8147-4A83-9F2E-1A69F8E05988}.Debug|Any CPU.ActiveCfg = Debug|Any CPU
		{E1DA1CA0-8147-4A83-9F2E-1A69F8E05988}.Debug|Any CPU.Build.0 = Debug|Any CPU
		{E1DA1CA0-8147-4A83-9F2E-1A69F8E05988}.Release|Any CPU.ActiveCfg = Release|Any CPU
		{E1DA1CA0-8147-4A83-9F2E-1A69F8E05988}.Release|Any CPU.Build.0 = Release|Any CPU
		{F539F106-5372-4BB3-9EC5-45AB45956872}.Debug|Any CPU.ActiveCfg = Debug|Any CPU
		{F539F106-5372-4BB3-9EC5-45AB45956872}.Debug|Any CPU.Build.0 = Debug|Any CPU
		{F539F106-5372-4BB3-9EC5-45AB45956872}.Release|Any CPU.ActiveCfg = Release|Any CPU
		{F539F106-5372-4BB3-9EC5-45AB45956872}.Release|Any CPU.Build.0 = Release|Any CPU
		{6EB95BD2-96F1-4BC1-90BA-80FE5B47B5AD}.Debug|Any CPU.ActiveCfg = Debug|Any CPU
		{6EB95BD2-96F1-4BC1-90BA-80FE5B47B5AD}.Debug|Any CPU.Build.0 = Debug|Any CPU
		{6EB95BD2-96F1-4BC1-90BA-80FE5B47B5AD}.Release|Any CPU.ActiveCfg = Release|Any CPU
		{6EB95BD2-96F1-4BC1-90BA-80FE5B47B5AD}.Release|Any CPU.Build.0 = Release|Any CPU
		{4DE8DB11-2144-4FEF-B316-B2F032E06E37}.Debug|Any CPU.ActiveCfg = Debug|Any CPU
		{4DE8DB11-2144-4FEF-B316-B2F032E06E37}.Debug|Any CPU.Build.0 = Debug|Any CPU
		{4DE8DB11-2144-4FEF-B316-B2F032E06E37}.Release|Any CPU.ActiveCfg = Release|Any CPU
		{4DE8DB11-2144-4FEF-B316-B2F032E06E37}.Release|Any CPU.Build.0 = Release|Any CPU
		{B7AF791A-7BFD-4450-AEB0-8F75A652C355}.Debug|Any CPU.ActiveCfg = Debug|Any CPU
		{B7AF791A-7BFD-4450-AEB0-8F75A652C355}.Debug|Any CPU.Build.0 = Debug|Any CPU
		{B7AF791A-7BFD-4450-AEB0-8F75A652C355}.Release|Any CPU.ActiveCfg = Release|Any CPU
		{B7AF791A-7BFD-4450-AEB0-8F75A652C355}.Release|Any CPU.Build.0 = Release|Any CPU
		{53F23D18-8124-4EB1-B605-6C7FD67553D5}.Debug|Any CPU.ActiveCfg = Debug|Any CPU
		{53F23D18-8124-4EB1-B605-6C7FD67553D5}.Debug|Any CPU.Build.0 = Debug|Any CPU
		{53F23D18-8124-4EB1-B605-6C7FD67553D5}.Release|Any CPU.ActiveCfg = Release|Any CPU
		{53F23D18-8124-4EB1-B605-6C7FD67553D5}.Release|Any CPU.Build.0 = Release|Any CPU
		{C2EDF8B2-5F54-424E-B2F2-ED98D6A4F032}.Debug|Any CPU.ActiveCfg = Debug|Any CPU
		{C2EDF8B2-5F54-424E-B2F2-ED98D6A4F032}.Debug|Any CPU.Build.0 = Debug|Any CPU
		{C2EDF8B2-5F54-424E-B2F2-ED98D6A4F032}.Release|Any CPU.ActiveCfg = Release|Any CPU
		{C2EDF8B2-5F54-424E-B2F2-ED98D6A4F032}.Release|Any CPU.Build.0 = Release|Any CPU
		{BE416BBE-C39B-4447-8A91-FBCD13D755A7}.Debug|Any CPU.ActiveCfg = Debug|Any CPU
		{BE416BBE-C39B-4447-8A91-FBCD13D755A7}.Debug|Any CPU.Build.0 = Debug|Any CPU
		{BE416BBE-C39B-4447-8A91-FBCD13D755A7}.Release|Any CPU.ActiveCfg = Release|Any CPU
		{BE416BBE-C39B-4447-8A91-FBCD13D755A7}.Release|Any CPU.Build.0 = Release|Any CPU
		{C3AAB6BD-5AA8-4B9C-99D6-81D03C70A011}.Debug|Any CPU.ActiveCfg = Debug|Any CPU
		{C3AAB6BD-5AA8-4B9C-99D6-81D03C70A011}.Debug|Any CPU.Build.0 = Debug|Any CPU
		{C3AAB6BD-5AA8-4B9C-99D6-81D03C70A011}.Release|Any CPU.ActiveCfg = Release|Any CPU
		{C3AAB6BD-5AA8-4B9C-99D6-81D03C70A011}.Release|Any CPU.Build.0 = Release|Any CPU
		{BA05F9F4-7690-408F-885E-076DE8121E05}.Debug|Any CPU.ActiveCfg = Debug|Any CPU
		{BA05F9F4-7690-408F-885E-076DE8121E05}.Debug|Any CPU.Build.0 = Debug|Any CPU
		{BA05F9F4-7690-408F-885E-076DE8121E05}.Release|Any CPU.ActiveCfg = Debug|Any CPU
	EndGlobalSection
	GlobalSection(SolutionProperties) = preSolution
		HideSolutionNode = FALSE
	EndGlobalSection
	GlobalSection(NestedProjects) = preSolution
		{D5327BF8-124D-4CE3-B409-548BFC9DF511} = {81CAC0EE-CAC0-493F-B40A-A0A25649BF0C}
		{81CAC0EE-CAC0-493F-B40A-A0A25649BF0C} = {E030882B-E16B-4A6B-9573-118E4671C75A}
		{E271304B-E224-4D78-8F13-13DFCF67589F} = {C04F6D6F-D238-4474-B627-4786A84F8738}
		{2B9EFBFD-F378-4799-824C-453ED954E5D4} = {C04F6D6F-D238-4474-B627-4786A84F8738}
		{C04F6D6F-D238-4474-B627-4786A84F8738} = {E030882B-E16B-4A6B-9573-118E4671C75A}
		{E030882B-E16B-4A6B-9573-118E4671C75A} = {DB7EAA3E-A8A1-4517-B989-5926B5ABAF4C}
		{F96FEFFC-BA49-40FF-B685-16485B262D60} = {2D6EE8C1-E6C5-408A-BD53-41899B863EE4}
		{2D6EE8C1-E6C5-408A-BD53-41899B863EE4} = {5DD848CC-0B48-478D-9861-6215DEF2B6C6}
		{CEBCD892-C0F5-4A7F-BDD6-CC926EBDDBC4} = {7166164C-01AE-447F-905C-1C1CD7045D80}
		{AE0B96A9-2761-4D34-B6EB-CB969A31A78B} = {7166164C-01AE-447F-905C-1C1CD7045D80}
		{7166164C-01AE-447F-905C-1C1CD7045D80} = {5DD848CC-0B48-478D-9861-6215DEF2B6C6}
		{5DD848CC-0B48-478D-9861-6215DEF2B6C6} = {DB7EAA3E-A8A1-4517-B989-5926B5ABAF4C}
		{DB7EAA3E-A8A1-4517-B989-5926B5ABAF4C} = {CE054990-7E2A-4780-89BA-F2D733C12473}
		{E1DA1CA0-8147-4A83-9F2E-1A69F8E05988} = {13DA6DAF-0911-4900-9A1B-3C8E07D23D77}
		{13DA6DAF-0911-4900-9A1B-3C8E07D23D77} = {9C929EB0-2506-4523-9A3B-9F0D7F7924C2}
		{F539F106-5372-4BB3-9EC5-45AB45956872} = {B204DE37-F99D-4200-B464-DE6C66280E9D}
		{6EB95BD2-96F1-4BC1-90BA-80FE5B47B5AD} = {B204DE37-F99D-4200-B464-DE6C66280E9D}
		{B204DE37-F99D-4200-B464-DE6C66280E9D} = {9C929EB0-2506-4523-9A3B-9F0D7F7924C2}
		{9C929EB0-2506-4523-9A3B-9F0D7F7924C2} = {CE054990-7E2A-4780-89BA-F2D733C12473}
		{4DE8DB11-2144-4FEF-B316-B2F032E06E37} = {082364F0-6BFC-463C-8D98-9F26DFF4BEF9}
		{082364F0-6BFC-463C-8D98-9F26DFF4BEF9} = {527A7CE6-5BC5-453A-8774-864662662D10}
		{B7AF791A-7BFD-4450-AEB0-8F75A652C355} = {4990D972-A187-4F2D-9CF7-B9EA8A4F695B}
		{53F23D18-8124-4EB1-B605-6C7FD67553D5} = {4990D972-A187-4F2D-9CF7-B9EA8A4F695B}
		{4990D972-A187-4F2D-9CF7-B9EA8A4F695B} = {527A7CE6-5BC5-453A-8774-864662662D10}
		{527A7CE6-5BC5-453A-8774-864662662D10} = {AB5F910A-1AD4-41E8-B388-024AE8B0E61E}
		{C2EDF8B2-5F54-424E-B2F2-ED98D6A4F032} = {BFF07734-E993-45A9-ACA8-FDD70DC80CB1}
		{BFF07734-E993-45A9-ACA8-FDD70DC80CB1} = {E203FE80-67A9-45A8-B496-39D66B8BA13F}
		{BE416BBE-C39B-4447-8A91-FBCD13D755A7} = {B80021B5-B288-484A-90C1-9809498B94BE}
		{C3AAB6BD-5AA8-4B9C-99D6-81D03C70A011} = {B80021B5-B288-484A-90C1-9809498B94BE}
		{B80021B5-B288-484A-90C1-9809498B94BE} = {E203FE80-67A9-45A8-B496-39D66B8BA13F}
		{E203FE80-67A9-45A8-B496-39D66B8BA13F} = {AB5F910A-1AD4-41E8-B388-024AE8B0E61E}
		{AB5F910A-1AD4-41E8-B388-024AE8B0E61E} = {CE054990-7E2A-4780-89BA-F2D733C12473}
	EndGlobalSection
	GlobalSection(ExtensibilityGlobals) = postSolution
		SolutionGuid = {6574CF6C-EED1-45B6-8CED-C82E88CA55E6}
	EndGlobalSection
EndGlobal
