Microsoft Visual Studio Solution File, Format Version 12.00
# 
Project("{9A19103F-16F7-4668-BE54-9A1E7A4F7556}") = "App1", "src\core\App1\src\App1\App1.csproj", "{D5327BF8-124D-4CE3-B409-548BFC9DF511}"
EndProject
Project("{9A19103F-16F7-4668-BE54-9A1E7A4F7556}") = "App1.IntegrationTests", "src\core\App1\tests\App1.IntegrationTests\App1.IntegrationTests.csproj", "{E271304B-E224-4D78-8F13-13DFCF67589F}"
EndProject
Project("{9A19103F-16F7-4668-BE54-9A1E7A4F7556}") = "App1.UnitTests", "src\core\App1\tests\App1.UnitTests\App1.UnitTests.csproj", "{2B9EFBFD-F378-4799-824C-453ED954E5D4}"
EndProject
Project("{9A19103F-16F7-4668-BE54-9A1E7A4F7556}") = "App2", "src\core\App2\src\App2\App2.csproj", "{F96FEFFC-BA49-40FF-B685-16485B262D60}"
EndProject
Project("{9A19103F-16F7-4668-BE54-9A1E7A4F7556}") = "App2.IntegrationTests", "src\core\App2\tests\App2.IntegrationTests\App2.IntegrationTests.csproj", "{CEBCD892-C0F5-4A7F-BDD6-CC926EBDDBC4}"
EndProject
Project("{9A19103F-16F7-4668-BE54-9A1E7A4F7556}") = "App2.UnitTests", "src\core\App2\tests\App2.UnitTests\App2.UnitTests.csproj", "{AE0B96A9-2761-4D34-B6EB-CB969A31A78B}"
EndProject
Project("{9A19103F-16F7-4668-BE54-9A1E7A4F7556}") = "App4", "src\infra\App4\src\App4\App4.csproj", "{E1DA1CA0-8147-4A83-9F2E-1A69F8E05988}"
EndProject
Project("{9A19103F-16F7-4668-BE54-9A1E7A4F7556}") = "App4.IntegrationTests", "src\infra\App4\tests\App4.IntegrationTests\App4.IntegrationTests.csproj", "{F539F106-5372-4BB3-9EC5-45AB45956872}"
EndProject
Project("{9A19103F-16F7-4668-BE54-9A1E7A4F7556}") = "App4.UnitTests", "src\infra\App4\tests\App4.UnitTests\App4.UnitTests.csproj", "{6EB95BD2-96F1-4BC1-90BA-80FE5B47B5AD}"
EndProject
Project("{9A19103F-16F7-4668-BE54-9A1E7A4F7556}") = "App5", "src\interface\aws\App5\src\App5\App5.csproj", "{4DE8DB11-2144-4FEF-B316-B2F032E06E37}"
EndProject
Project("{9A19103F-16F7-4668-BE54-9A1E7A4F7556}") = "App5.IntegrationTests", "src\interface\aws\App5\tests\App5.IntegrationTests\App5.IntegrationTests.csproj", "{B7AF791A-7BFD-4450-AEB0-8F75A652C355}"
EndProject
Project("{9A19103F-16F7-4668-BE54-9A1E7A4F7556}") = "App5.UnitTests", "src\interface\aws\App5\tests\App5.UnitTests\App5.UnitTests.csproj", "{53F23D18-8124-4EB1-B605-6C7FD67553D5}"
EndProject
Project("{9A19103F-16F7-4668-BE54-9A1E7A4F7556}") = "App3", "src\interface\azure\App3\src\App3\App3.csproj", "{C2EDF8B2-5F54-424E-B2F2-ED98D6A4F032}"
EndProject
Project("{9A19103F-16F7-4668-BE54-9A1E7A4F7556}") = "App3.IntegrationTests", "src\interface\azure\App3\tests\App3.IntegrationTests\App3.IntegrationTests.csproj", "{BE416BBE-C39B-4447-8A91-FBCD13D755A7}"
EndProject
Project("{9A19103F-16F7-4668-BE54-9A1E7A4F7556}") = "App3.UnitTests", "src\interface\azure\App3\tests\App3.UnitTests\App3.UnitTests.csproj", "{C3AAB6BD-5AA8-4B9C-99D6-81D03C70A011}"
EndProject
Project("{2150E333-8FDC-42A3-9474-1A3956D46DE8}") = "src", "C:\projects\slngen-test\src\core\App1\src", "{8A6DCA49-B4F7-406F-9718-F88DE81D01AB}"
EndProject
Project("{2150E333-8FDC-42A3-9474-1A3956D46DE8}") = "tests", "C:\projects\slngen-test\src\core\App1\tests", "{DBDC3055-C40D-4B28-9407-B571B35706CC}"
EndProject
Project("{2150E333-8FDC-42A3-9474-1A3956D46DE8}") = "App1", "C:\projects\slngen-test\src\core\App1", "{1F7A4A7D-4C33-47E9-A575-A08BAFCFFA7B}"
EndProject
Project("{2150E333-8FDC-42A3-9474-1A3956D46DE8}") = "src", "C:\projects\slngen-test\src\core\App2\src", "{D3578949-81E2-45AE-A833-E22C0CFAE453}"
EndProject
Project("{2150E333-8FDC-42A3-9474-1A3956D46DE8}") = "tests", "C:\projects\slngen-test\src\core\App2\tests", "{B04DAE6C-5255-448E-9303-B9AA8C158FD5}"
EndProject
Project("{2150E333-8FDC-42A3-9474-1A3956D46DE8}") = "App2", "C:\projects\slngen-test\src\core\App2", "{B7C5D53B-2A06-4FBD-AC1F-1D3D1F38EB7D}"
EndProject
Project("{2150E333-8FDC-42A3-9474-1A3956D46DE8}") = "core", "C:\projects\slngen-test\src\core", "{60CCE353-7D79-47C4-B6CD-3EB2B0B9DF51}"
EndProject
Project("{2150E333-8FDC-42A3-9474-1A3956D46DE8}") = "src", "C:\projects\slngen-test\src\infra\App4\src", "{28900D91-94A2-48C8-9B8E-F6D420744014}"
EndProject
Project("{2150E333-8FDC-42A3-9474-1A3956D46DE8}") = "tests", "C:\projects\slngen-test\src\infra\App4\tests", "{1064A7B5-D566-42CD-A5A9-6E0879DD4180}"
EndProject
Project("{2150E333-8FDC-42A3-9474-1A3956D46DE8}") = "infra ̸ App4", "C:\projects\slngen-test\src\infra", "{76B31626-F949-4F3E-8D3D-B5936E293455}"
EndProject
Project("{2150E333-8FDC-42A3-9474-1A3956D46DE8}") = "src", "C:\projects\slngen-test\src\interface\aws\App5\src", "{2BB90310-A84E-4C8D-AA18-5B78D4167655}"
EndProject
Project("{2150E333-8FDC-42A3-9474-1A3956D46DE8}") = "tests", "C:\projects\slngen-test\src\interface\aws\App5\tests", "{5B2B186A-49C1-4E7C-9686-E6AA9F7CBBAF}"
EndProject
Project("{2150E333-8FDC-42A3-9474-1A3956D46DE8}") = "aws ̸ App5", "C:\projects\slngen-test\src\interface\aws", "{5E05437D-11BC-4086-94E3-974BC3AD8642}"
EndProject
Project("{2150E333-8FDC-42A3-9474-1A3956D46DE8}") = "src", "C:\projects\slngen-test\src\interface\azure\App3\src", "{1A8E8F08-1668-4219-A9BC-858B546F4EC7}"
EndProject
Project("{2150E333-8FDC-42A3-9474-1A3956D46DE8}") = "tests", "C:\projects\slngen-test\src\interface\azure\App3\tests", "{FDCF1ADD-E098-4CF8-AC8B-95DCE981BCB8}"
EndProject
Project("{2150E333-8FDC-42A3-9474-1A3956D46DE8}") = "azure ̸ App3", "C:\projects\slngen-test\src\interface\azure", "{A03DBC48-58B0-4591-977A-A4E92820EB1F}"
EndProject
Project("{2150E333-8FDC-42A3-9474-1A3956D46DE8}") = "interface", "C:\projects\slngen-test\src\interface", "{F8981BFB-0C59-4302-8999-3EC6E7C67650}"
EndProject
Global
	GlobalSection(SolutionConfigurationPlatforms) = preSolution
		Debug|Any CPU = Debug|Any CPU
		Release|Any CPU = Release|Any CPU
	EndGlobalSection
	GlobalSection(ProjectConfigurationPlatforms) = postSolution
		{D5327BF8-124D-4CE3-B409-548BFC9DF511}.Debug|Any CPU.ActiveCfg = Debug|Any CPU
		{D5327BF8-124D-4CE3-B409-548BFC9DF511}.Debug|Any CPU.Build.0 = Debug|Any CPU
		{D5327BF8-124D-4CE3-B409-548BFC9DF511}.Release|Any CPU.ActiveCfg = Release|Any CPU
		{D5327BF8-124D-4CE3-B409-548BFC9DF511}.Release|Any CPU.Build.0 = Release|Any CPU
		{E271304B-E224-4D78-8F13-13DFCF67589F}.Debug|Any CPU.ActiveCfg = Debug|Any CPU
		{E271304B-E224-4D78-8F13-13DFCF67589F}.Debug|Any CPU.Build.0 = Debug|Any CPU
		{E271304B-E224-4D78-8F13-13DFCF67589F}.Release|Any CPU.ActiveCfg = Release|Any CPU
		{E271304B-E224-4D78-8F13-13DFCF67589F}.Release|Any CPU.Build.0 = Release|Any CPU
		{2B9EFBFD-F378-4799-824C-453ED954E5D4}.Debug|Any CPU.ActiveCfg = Debug|Any CPU
		{2B9EFBFD-F378-4799-824C-453ED954E5D4}.Debug|Any CPU.Build.0 = Debug|Any CPU
		{2B9EFBFD-F378-4799-824C-453ED954E5D4}.Release|Any CPU.ActiveCfg = Release|Any CPU
		{2B9EFBFD-F378-4799-824C-453ED954E5D4}.Release|Any CPU.Build.0 = Release|Any CPU
		{F96FEFFC-BA49-40FF-B685-16485B262D60}.Debug|Any CPU.ActiveCfg = Debug|Any CPU
		{F96FEFFC-BA49-40FF-B685-16485B262D60}.Debug|Any CPU.Build.0 = Debug|Any CPU
		{F96FEFFC-BA49-40FF-B685-16485B262D60}.Release|Any CPU.ActiveCfg = Release|Any CPU
		{F96FEFFC-BA49-40FF-B685-16485B262D60}.Release|Any CPU.Build.0 = Release|Any CPU
		{CEBCD892-C0F5-4A7F-BDD6-CC926EBDDBC4}.Debug|Any CPU.ActiveCfg = Debug|Any CPU
		{CEBCD892-C0F5-4A7F-BDD6-CC926EBDDBC4}.Debug|Any CPU.Build.0 = Debug|Any CPU
		{CEBCD892-C0F5-4A7F-BDD6-CC926EBDDBC4}.Release|Any CPU.ActiveCfg = Release|Any CPU
		{CEBCD892-C0F5-4A7F-BDD6-CC926EBDDBC4}.Release|Any CPU.Build.0 = Release|Any CPU
		{AE0B96A9-2761-4D34-B6EB-CB969A31A78B}.Debug|Any CPU.ActiveCfg = Debug|Any CPU
		{AE0B96A9-2761-4D34-B6EB-CB969A31A78B}.Debug|Any CPU.Build.0 = Debug|Any CPU
		{AE0B96A9-2761-4D34-B6EB-CB969A31A78B}.Release|Any CPU.ActiveCfg = Release|Any CPU
		{AE0B96A9-2761-4D34-B6EB-CB969A31A78B}.Release|Any CPU.Build.0 = Release|Any CPU
		{E1DA1CA0-8147-4A83-9F2E-1A69F8E05988}.Debug|Any CPU.ActiveCfg = Debug|Any CPU
		{E1DA1CA0-8147-4A83-9F2E-1A69F8E05988}.Debug|Any CPU.Build.0 = Debug|Any CPU
		{E1DA1CA0-8147-4A83-9F2E-1A69F8E05988}.Release|Any CPU.ActiveCfg = Release|Any CPU
		{E1DA1CA0-8147-4A83-9F2E-1A69F8E05988}.Release|Any CPU.Build.0 = Release|Any CPU
		{F539F106-5372-4BB3-9EC5-45AB45956872}.Debug|Any CPU.ActiveCfg = Debug|Any CPU
		{F539F106-5372-4BB3-9EC5-45AB45956872}.Debug|Any CPU.Build.0 = Debug|Any CPU
		{F539F106-5372-4BB3-9EC5-45AB45956872}.Release|Any CPU.ActiveCfg = Release|Any CPU
		{F539F106-5372-4BB3-9EC5-45AB45956872}.Release|Any CPU.Build.0 = Release|Any CPU
		{6EB95BD2-96F1-4BC1-90BA-80FE5B47B5AD}.Debug|Any CPU.ActiveCfg = Debug|Any CPU
		{6EB95BD2-96F1-4BC1-90BA-80FE5B47B5AD}.Debug|Any CPU.Build.0 = Debug|Any CPU
		{6EB95BD2-96F1-4BC1-90BA-80FE5B47B5AD}.Release|Any CPU.ActiveCfg = Release|Any CPU
		{6EB95BD2-96F1-4BC1-90BA-80FE5B47B5AD}.Release|Any CPU.Build.0 = Release|Any CPU
		{4DE8DB11-2144-4FEF-B316-B2F032E06E37}.Debug|Any CPU.ActiveCfg = Debug|Any CPU
		{4DE8DB11-2144-4FEF-B316-B2F032E06E37}.Debug|Any CPU.Build.0 = Debug|Any CPU
		{4DE8DB11-2144-4FEF-B316-B2F032E06E37}.Release|Any CPU.ActiveCfg = Release|Any CPU
		{4DE8DB11-2144-4FEF-B316-B2F032E06E37}.Release|Any CPU.Build.0 = Release|Any CPU
		{B7AF791A-7BFD-4450-AEB0-8F75A652C355}.Debug|Any CPU.ActiveCfg = Debug|Any CPU
		{B7AF791A-7BFD-4450-AEB0-8F75A652C355}.Debug|Any CPU.Build.0 = Debug|Any CPU
		{B7AF791A-7BFD-4450-AEB0-8F75A652C355}.Release|Any CPU.ActiveCfg = Release|Any CPU
		{B7AF791A-7BFD-4450-AEB0-8F75A652C355}.Release|Any CPU.Build.0 = Release|Any CPU
		{53F23D18-8124-4EB1-B605-6C7FD67553D5}.Debug|Any CPU.ActiveCfg = Debug|Any CPU
		{53F23D18-8124-4EB1-B605-6C7FD67553D5}.Debug|Any CPU.Build.0 = Debug|Any CPU
		{53F23D18-8124-4EB1-B605-6C7FD67553D5}.Release|Any CPU.ActiveCfg = Release|Any CPU
		{53F23D18-8124-4EB1-B605-6C7FD67553D5}.Release|Any CPU.Build.0 = Release|Any CPU
		{C2EDF8B2-5F54-424E-B2F2-ED98D6A4F032}.Debug|Any CPU.ActiveCfg = Debug|Any CPU
		{C2EDF8B2-5F54-424E-B2F2-ED98D6A4F032}.Debug|Any CPU.Build.0 = Debug|Any CPU
		{C2EDF8B2-5F54-424E-B2F2-ED98D6A4F032}.Release|Any CPU.ActiveCfg = Release|Any CPU
		{C2EDF8B2-5F54-424E-B2F2-ED98D6A4F032}.Release|Any CPU.Build.0 = Release|Any CPU
		{BE416BBE-C39B-4447-8A91-FBCD13D755A7}.Debug|Any CPU.ActiveCfg = Debug|Any CPU
		{BE416BBE-C39B-4447-8A91-FBCD13D755A7}.Debug|Any CPU.Build.0 = Debug|Any CPU
		{BE416BBE-C39B-4447-8A91-FBCD13D755A7}.Release|Any CPU.ActiveCfg = Release|Any CPU
		{BE416BBE-C39B-4447-8A91-FBCD13D755A7}.Release|Any CPU.Build.0 = Release|Any CPU
		{C3AAB6BD-5AA8-4B9C-99D6-81D03C70A011}.Debug|Any CPU.ActiveCfg = Debug|Any CPU
		{C3AAB6BD-5AA8-4B9C-99D6-81D03C70A011}.Debug|Any CPU.Build.0 = Debug|Any CPU
		{C3AAB6BD-5AA8-4B9C-99D6-81D03C70A011}.Release|Any CPU.ActiveCfg = Release|Any CPU
		{C3AAB6BD-5AA8-4B9C-99D6-81D03C70A011}.Release|Any CPU.Build.0 = Release|Any CPU
	EndGlobalSection
	GlobalSection(SolutionProperties) = preSolution
		HideSolutionNode = FALSE
	EndGlobalSection
	GlobalSection(NestedProjects) = preSolution
		{D5327BF8-124D-4CE3-B409-548BFC9DF511} = {8A6DCA49-B4F7-406F-9718-F88DE81D01AB}
		{8A6DCA49-B4F7-406F-9718-F88DE81D01AB} = {1F7A4A7D-4C33-47E9-A575-A08BAFCFFA7B}
		{E271304B-E224-4D78-8F13-13DFCF67589F} = {DBDC3055-C40D-4B28-9407-B571B35706CC}
		{2B9EFBFD-F378-4799-824C-453ED954E5D4} = {DBDC3055-C40D-4B28-9407-B571B35706CC}
		{DBDC3055-C40D-4B28-9407-B571B35706CC} = {1F7A4A7D-4C33-47E9-A575-A08BAFCFFA7B}
		{1F7A4A7D-4C33-47E9-A575-A08BAFCFFA7B} = {60CCE353-7D79-47C4-B6CD-3EB2B0B9DF51}
		{F96FEFFC-BA49-40FF-B685-16485B262D60} = {D3578949-81E2-45AE-A833-E22C0CFAE453}
		{D3578949-81E2-45AE-A833-E22C0CFAE453} = {B7C5D53B-2A06-4FBD-AC1F-1D3D1F38EB7D}
		{CEBCD892-C0F5-4A7F-BDD6-CC926EBDDBC4} = {B04DAE6C-5255-448E-9303-B9AA8C158FD5}
		{AE0B96A9-2761-4D34-B6EB-CB969A31A78B} = {B04DAE6C-5255-448E-9303-B9AA8C158FD5}
		{B04DAE6C-5255-448E-9303-B9AA8C158FD5} = {B7C5D53B-2A06-4FBD-AC1F-1D3D1F38EB7D}
		{B7C5D53B-2A06-4FBD-AC1F-1D3D1F38EB7D} = {60CCE353-7D79-47C4-B6CD-3EB2B0B9DF51}
		{E1DA1CA0-8147-4A83-9F2E-1A69F8E05988} = {28900D91-94A2-48C8-9B8E-F6D420744014}
		{28900D91-94A2-48C8-9B8E-F6D420744014} = {76B31626-F949-4F3E-8D3D-B5936E293455}
		{F539F106-5372-4BB3-9EC5-45AB45956872} = {1064A7B5-D566-42CD-A5A9-6E0879DD4180}
		{6EB95BD2-96F1-4BC1-90BA-80FE5B47B5AD} = {1064A7B5-D566-42CD-A5A9-6E0879DD4180}
		{1064A7B5-D566-42CD-A5A9-6E0879DD4180} = {76B31626-F949-4F3E-8D3D-B5936E293455}
		{4DE8DB11-2144-4FEF-B316-B2F032E06E37} = {2BB90310-A84E-4C8D-AA18-5B78D4167655}
		{2BB90310-A84E-4C8D-AA18-5B78D4167655} = {5E05437D-11BC-4086-94E3-974BC3AD8642}
		{B7AF791A-7BFD-4450-AEB0-8F75A652C355} = {5B2B186A-49C1-4E7C-9686-E6AA9F7CBBAF}
		{53F23D18-8124-4EB1-B605-6C7FD67553D5} = {5B2B186A-49C1-4E7C-9686-E6AA9F7CBBAF}
		{5B2B186A-49C1-4E7C-9686-E6AA9F7CBBAF} = {5E05437D-11BC-4086-94E3-974BC3AD8642}
		{5E05437D-11BC-4086-94E3-974BC3AD8642} = {F8981BFB-0C59-4302-8999-3EC6E7C67650}
		{C2EDF8B2-5F54-424E-B2F2-ED98D6A4F032} = {1A8E8F08-1668-4219-A9BC-858B546F4EC7}
		{1A8E8F08-1668-4219-A9BC-858B546F4EC7} = {A03DBC48-58B0-4591-977A-A4E92820EB1F}
		{BE416BBE-C39B-4447-8A91-FBCD13D755A7} = {FDCF1ADD-E098-4CF8-AC8B-95DCE981BCB8}
		{C3AAB6BD-5AA8-4B9C-99D6-81D03C70A011} = {FDCF1ADD-E098-4CF8-AC8B-95DCE981BCB8}
		{FDCF1ADD-E098-4CF8-AC8B-95DCE981BCB8} = {A03DBC48-58B0-4591-977A-A4E92820EB1F}
		{A03DBC48-58B0-4591-977A-A4E92820EB1F} = {F8981BFB-0C59-4302-8999-3EC6E7C67650}
	EndGlobalSection
	GlobalSection(ExtensibilityGlobals) = postSolution
		SolutionGuid = {6574CF6C-EED1-45B6-8CED-C82E88CA55E6}
	EndGlobalSection
EndGlobal
